
Microsoft Visual Studio Solution File, Format Version 12.00
# Visual Studio Version 17
VisualStudioVersion = 17.0.31611.283
MinimumVisualStudioVersion = 10.0.40219.1
Project("{9A19103F-16F7-4668-BE54-9A1E7A4F7556}") = "ZeusBusiness", "ZeusBusiness\ZeusBusiness.csproj", "{670FDD19-ABF1-4E3C-B6F3-50A1D2CC7C07}"
EndProject
Project("{9A19103F-16F7-4668-BE54-9A1E7A4F7556}") = "ZeusBusiness.Model", "ZeusBusiness.Model\ZeusBusiness.Model.csproj", "{36ECDA9D-CE5E-42FF-86BA-2739E9D570EF}"
EndProject
Project("{9A19103F-16F7-4668-BE54-9A1E7A4F7556}") = "ZeusBusiness.View", "ZeusBusiness.View\ZeusBusiness.View.csproj", "{06EA627E-C57F-40A6-80D3-A80554163033}"
EndProject
Project("{9A19103F-16F7-4668-BE54-9A1E7A4F7556}") = "ZeusBusiness.Domain", "ZeusBusiness.Domain\ZeusBusiness.Domain.csproj", "{1A8A4D23-F7CA-4624-8F98-CABB73C5D891}"
EndProject
Project("{9A19103F-16F7-4668-BE54-9A1E7A4F7556}") = "ZeusBusiness.Domain.Abstract", "ZeusBusiness.Domain.Abstract\ZeusBusiness.Domain.Abstract.csproj", "{948140C3-6DFA-4ABE-B4D4-7D2945718D39}"
EndProject
Project("{9A19103F-16F7-4668-BE54-9A1E7A4F7556}") = "ZeusBusiness.DataAccess.WebService", "ZeusBusiness.DataAccess.WebService\ZeusBusiness.DataAccess.WebService.csproj", "{8E2EF181-F28F-42D3-89EC-3A0727508EDC}"
EndProject
Project("{2150E333-8FDC-42A3-9474-1A3956D46DE8}") = "01-ZeusBusiness", "01-ZeusBusiness", "{AA002F13-7340-48D5-B451-2EE1E6245E9D}"
EndProject
Project("{2150E333-8FDC-42A3-9474-1A3956D46DE8}") = "02-MVVM", "02-MVVM", "{BB7F3431-C931-433C-89F1-FAAC061782DA}"
EndProject
Project("{2150E333-8FDC-42A3-9474-1A3956D46DE8}") = "03-Domain", "03-Domain", "{C5E175EE-0107-40DF-B2B1-E25EEDAF03A8}"
EndProject
Project("{2150E333-8FDC-42A3-9474-1A3956D46DE8}") = "04-DataAccess", "04-DataAccess", "{99841319-A491-4113-BEBE-E1D73741CFEC}"
EndProject
Project("{9A19103F-16F7-4668-BE54-9A1E7A4F7556}") = "ZeusBusiness.ViewModel", "ZeusBusiness.ViewModel\ZeusBusiness.ViewModel.csproj", "{C4358297-90A0-4FAA-8882-72490284A39F}"
EndProject
Project("{FAE04EC0-301F-11D3-BF4B-00C04F79EFBC}") = "ZeusBusiness.Route", "ZeusBusiness.Route\ZeusBusiness.Route.csproj", "{807244B3-A3A2-4ABC-A5A5-16C6E5EEB859}"
EndProject
Global
	GlobalSection(SolutionConfigurationPlatforms) = preSolution
		Debug|Any CPU = Debug|Any CPU
		Release|Any CPU = Release|Any CPU
	EndGlobalSection
	GlobalSection(ProjectConfigurationPlatforms) = postSolution
		{670FDD19-ABF1-4E3C-B6F3-50A1D2CC7C07}.Debug|Any CPU.ActiveCfg = Debug|Any CPU
		{670FDD19-ABF1-4E3C-B6F3-50A1D2CC7C07}.Debug|Any CPU.Build.0 = Debug|Any CPU
		{670FDD19-ABF1-4E3C-B6F3-50A1D2CC7C07}.Debug|Any CPU.Deploy.0 = Debug|Any CPU
		{670FDD19-ABF1-4E3C-B6F3-50A1D2CC7C07}.Release|Any CPU.ActiveCfg = Release|Any CPU
		{670FDD19-ABF1-4E3C-B6F3-50A1D2CC7C07}.Release|Any CPU.Build.0 = Release|Any CPU
		{670FDD19-ABF1-4E3C-B6F3-50A1D2CC7C07}.Release|Any CPU.Deploy.0 = Release|Any CPU
		{36ECDA9D-CE5E-42FF-86BA-2739E9D570EF}.Debug|Any CPU.ActiveCfg = Debug|Any CPU
		{36ECDA9D-CE5E-42FF-86BA-2739E9D570EF}.Debug|Any CPU.Build.0 = Debug|Any CPU
		{36ECDA9D-CE5E-42FF-86BA-2739E9D570EF}.Release|Any CPU.ActiveCfg = Release|Any CPU
		{36ECDA9D-CE5E-42FF-86BA-2739E9D570EF}.Release|Any CPU.Build.0 = Release|Any CPU
		{06EA627E-C57F-40A6-80D3-A80554163033}.Debug|Any CPU.ActiveCfg = Debug|Any CPU
		{06EA627E-C57F-40A6-80D3-A80554163033}.Debug|Any CPU.Build.0 = Debug|Any CPU
		{06EA627E-C57F-40A6-80D3-A80554163033}.Release|Any CPU.ActiveCfg = Release|Any CPU
		{06EA627E-C57F-40A6-80D3-A80554163033}.Release|Any CPU.Build.0 = Release|Any CPU
		{1A8A4D23-F7CA-4624-8F98-CABB73C5D891}.Debug|Any CPU.ActiveCfg = Debug|Any CPU
		{1A8A4D23-F7CA-4624-8F98-CABB73C5D891}.Debug|Any CPU.Build.0 = Debug|Any CPU
		{1A8A4D23-F7CA-4624-8F98-CABB73C5D891}.Release|Any CPU.ActiveCfg = Release|Any CPU
		{1A8A4D23-F7CA-4624-8F98-CABB73C5D891}.Release|Any CPU.Build.0 = Release|Any CPU
		{948140C3-6DFA-4ABE-B4D4-7D2945718D39}.Debug|Any CPU.ActiveCfg = Debug|Any CPU
		{948140C3-6DFA-4ABE-B4D4-7D2945718D39}.Debug|Any CPU.Build.0 = Debug|Any CPU
		{948140C3-6DFA-4ABE-B4D4-7D2945718D39}.Release|Any CPU.ActiveCfg = Release|Any CPU
		{948140C3-6DFA-4ABE-B4D4-7D2945718D39}.Release|Any CPU.Build.0 = Release|Any CPU
		{8E2EF181-F28F-42D3-89EC-3A0727508EDC}.Debug|Any CPU.ActiveCfg = Debug|Any CPU
		{8E2EF181-F28F-42D3-89EC-3A0727508EDC}.Debug|Any CPU.Build.0 = Debug|Any CPU
		{8E2EF181-F28F-42D3-89EC-3A0727508EDC}.Release|Any CPU.ActiveCfg = Release|Any CPU
		{8E2EF181-F28F-42D3-89EC-3A0727508EDC}.Release|Any CPU.Build.0 = Release|Any CPU
		{C4358297-90A0-4FAA-8882-72490284A39F}.Debug|Any CPU.ActiveCfg = Debug|Any CPU
		{C4358297-90A0-4FAA-8882-72490284A39F}.Debug|Any CPU.Build.0 = Debug|Any CPU
		{C4358297-90A0-4FAA-8882-72490284A39F}.Release|Any CPU.ActiveCfg = Release|Any CPU
		{C4358297-90A0-4FAA-8882-72490284A39F}.Release|Any CPU.Build.0 = Release|Any CPU
		{807244B3-A3A2-4ABC-A5A5-16C6E5EEB859}.Debug|Any CPU.ActiveCfg = Debug|Any CPU
		{807244B3-A3A2-4ABC-A5A5-16C6E5EEB859}.Debug|Any CPU.Build.0 = Debug|Any CPU
		{807244B3-A3A2-4ABC-A5A5-16C6E5EEB859}.Release|Any CPU.ActiveCfg = Release|Any CPU
		{807244B3-A3A2-4ABC-A5A5-16C6E5EEB859}.Release|Any CPU.Build.0 = Release|Any CPU
	EndGlobalSection
	GlobalSection(SolutionProperties) = preSolution
		HideSolutionNode = FALSE
	EndGlobalSection
	GlobalSection(NestedProjects) = preSolution
		{670FDD19-ABF1-4E3C-B6F3-50A1D2CC7C07} = {AA002F13-7340-48D5-B451-2EE1E6245E9D}
		{36ECDA9D-CE5E-42FF-86BA-2739E9D570EF} = {BB7F3431-C931-433C-89F1-FAAC061782DA}
		{06EA627E-C57F-40A6-80D3-A80554163033} = {BB7F3431-C931-433C-89F1-FAAC061782DA}
		{1A8A4D23-F7CA-4624-8F98-CABB73C5D891} = {C5E175EE-0107-40DF-B2B1-E25EEDAF03A8}
		{948140C3-6DFA-4ABE-B4D4-7D2945718D39} = {C5E175EE-0107-40DF-B2B1-E25EEDAF03A8}
		{8E2EF181-F28F-42D3-89EC-3A0727508EDC} = {99841319-A491-4113-BEBE-E1D73741CFEC}
		{C4358297-90A0-4FAA-8882-72490284A39F} = {BB7F3431-C931-433C-89F1-FAAC061782DA}
	EndGlobalSection
	GlobalSection(ExtensibilityGlobals) = postSolution
		SolutionGuid = {61F7FB11-1E47-470C-91E2-47F8143E1572}
	EndGlobalSection
EndGlobal
